// !$*UTF8*$!
{
	archiveVersion = 1;
	classes = {
	};
	objectVersion = 56;
	objects = {

/* Begin PBXBuildFile section */
		1D31D2B62900293A005FDADB /* Canvas.swift in Sources */ = {isa = PBXBuildFile; fileRef = 1D31D2B52900293A005FDADB /* Canvas.swift */; };
		1D31D2B82900297B005FDADB /* MLCanvas.swift in Sources */ = {isa = PBXBuildFile; fileRef = 1D31D2B72900297B005FDADB /* MLCanvas.swift */; };
		1D31D2BA2900299C005FDADB /* CanvasView.swift in Sources */ = {isa = PBXBuildFile; fileRef = 1D31D2B92900299C005FDADB /* CanvasView.swift */; };
		1D31D2BC290029B3005FDADB /* CanvasViewController.swift in Sources */ = {isa = PBXBuildFile; fileRef = 1D31D2BB290029B3005FDADB /* CanvasViewController.swift */; };
		1D3701F029008DBA00E5B60B /* Image+Extensions.swift in Sources */ = {isa = PBXBuildFile; fileRef = 1D3701EF29008DBA00E5B60B /* Image+Extensions.swift */; };
		1D3701F229008F7F00E5B60B /* EditorView.swift in Sources */ = {isa = PBXBuildFile; fileRef = 1D3701F129008F7F00E5B60B /* EditorView.swift */; };
		1D3701F429008FA300E5B60B /* String+Extensions.swift in Sources */ = {isa = PBXBuildFile; fileRef = 1D3701F329008FA300E5B60B /* String+Extensions.swift */; };
		1D4C64932909726F00C6C023 /* ImagePicker.swift in Sources */ = {isa = PBXBuildFile; fileRef = 1D4C64922909726F00C6C023 /* ImagePicker.swift */; };
		1D56A425290BDB58005D4FB1 /* LaunchScreen.storyboard in Resources */ = {isa = PBXBuildFile; fileRef = 1D56A424290BDB57005D4FB1 /* LaunchScreen.storyboard */; };
		1D56A427290BE591005D4FB1 /* PermissionsView.swift in Sources */ = {isa = PBXBuildFile; fileRef = 1D56A426290BE591005D4FB1 /* PermissionsView.swift */; };
		1D56A42B290C0D44005D4FB1 /* duck.mp4 in Resources */ = {isa = PBXBuildFile; fileRef = 1D56A42A290C0D44005D4FB1 /* duck.mp4 */; };
		1D56A42D290C65FE005D4FB1 /* ActivityIndicator.swift in Sources */ = {isa = PBXBuildFile; fileRef = 1D56A42C290C65FE005D4FB1 /* ActivityIndicator.swift */; };
		1D56A430290FDADB005D4FB1 /* ImageView.swift in Sources */ = {isa = PBXBuildFile; fileRef = 1D56A42F290FDADB005D4FB1 /* ImageView.swift */; };
		1D56A432290FDAF6005D4FB1 /* UIImageView+Extensions.swift in Sources */ = {isa = PBXBuildFile; fileRef = 1D56A431290FDAF6005D4FB1 /* UIImageView+Extensions.swift */; };
		1D56A434291007F8005D4FB1 /* Montserrat.ttf in Resources */ = {isa = PBXBuildFile; fileRef = 1D56A433291007F8005D4FB1 /* Montserrat.ttf */; };
		1D56A43B29100DD0005D4FB1 /* Pacifico.ttf in Resources */ = {isa = PBXBuildFile; fileRef = 1D56A43A29100DCC005D4FB1 /* Pacifico.ttf */; };
		1D58CC7128F3F50D0013E250 /* HandDrawnApp.swift in Sources */ = {isa = PBXBuildFile; fileRef = 1D58CC7028F3F50D0013E250 /* HandDrawnApp.swift */; };
		1D58CC7528F3F50E0013E250 /* Assets.xcassets in Resources */ = {isa = PBXBuildFile; fileRef = 1D58CC7428F3F50E0013E250 /* Assets.xcassets */; };
		1D58CC7828F3F50E0013E250 /* Preview Assets.xcassets in Resources */ = {isa = PBXBuildFile; fileRef = 1D58CC7728F3F50E0013E250 /* Preview Assets.xcassets */; };
		1D58CC8728F82CF00013E250 /* ShapesClassification.mlpackage in Sources */ = {isa = PBXBuildFile; fileRef = 1D58CC8628F82CF00013E250 /* ShapesClassification.mlpackage */; };
		1D58CC8F28F97B5D0013E250 /* circle.pkdrawing in Resources */ = {isa = PBXBuildFile; fileRef = 1D58CC8B28F97B5D0013E250 /* circle.pkdrawing */; };
		1D58CC9028F97B5D0013E250 /* star.pkdrawing in Resources */ = {isa = PBXBuildFile; fileRef = 1D58CC8C28F97B5D0013E250 /* star.pkdrawing */; };
		1D58CC9128F97B5D0013E250 /* square.pkdrawing in Resources */ = {isa = PBXBuildFile; fileRef = 1D58CC8D28F97B5D0013E250 /* square.pkdrawing */; };
		1D58CC9228F97B5D0013E250 /* triangle.pkdrawing in Resources */ = {isa = PBXBuildFile; fileRef = 1D58CC8E28F97B5D0013E250 /* triangle.pkdrawing */; };
		1DCEA6422901E68E004E3FB9 /* PKDrawing+Extensions.swift in Sources */ = {isa = PBXBuildFile; fileRef = 1DCEA6412901E68E004E3FB9 /* PKDrawing+Extensions.swift */; };
		1DCEA6442901EBEB004E3FB9 /* PKCanvasView+Extensions.swift in Sources */ = {isa = PBXBuildFile; fileRef = 1DCEA6432901EBEB004E3FB9 /* PKCanvasView+Extensions.swift */; };
		1DCEA6462902EDAA004E3FB9 /* View+Extensions.swift in Sources */ = {isa = PBXBuildFile; fileRef = 1DCEA6452902EDAA004E3FB9 /* View+Extensions.swift */; };
		1DCEA653290335E4004E3FB9 /* DropDown.swift in Sources */ = {isa = PBXBuildFile; fileRef = 1DCEA652290335E4004E3FB9 /* DropDown.swift */; };
		1DCEA65529033B43004E3FB9 /* CircleIcon.swift in Sources */ = {isa = PBXBuildFile; fileRef = 1DCEA65429033B43004E3FB9 /* CircleIcon.swift */; };
		1DCEA65729033BC7004E3FB9 /* UIResponder+Extensions.swift in Sources */ = {isa = PBXBuildFile; fileRef = 1DCEA65629033BC7004E3FB9 /* UIResponder+Extensions.swift */; };
		1DCEA65C2906B14E004E3FB9 /* FontSlider.swift in Sources */ = {isa = PBXBuildFile; fileRef = 1DCEA65B2906B14E004E3FB9 /* FontSlider.swift */; };
		1DCEA65E2906E28A004E3FB9 /* TextLabel.swift in Sources */ = {isa = PBXBuildFile; fileRef = 1DCEA65D2906E28A004E3FB9 /* TextLabel.swift */; };
		1DCEA665290876CF004E3FB9 /* PlayerView.swift in Sources */ = {isa = PBXBuildFile; fileRef = 1DCEA664290876CF004E3FB9 /* PlayerView.swift */; };
		1DCEA66729093139004E3FB9 /* MediaProcessor.swift in Sources */ = {isa = PBXBuildFile; fileRef = 1DCEA66629093139004E3FB9 /* MediaProcessor.swift */; };
		1DCEA6692909375C004E3FB9 /* AVAssetTrack+Extensions.swift in Sources */ = {isa = PBXBuildFile; fileRef = 1DCEA6682909375C004E3FB9 /* AVAssetTrack+Extensions.swift */; };
		1DEAB44029104C3000768280 /* Colors+Extensions.swift in Sources */ = {isa = PBXBuildFile; fileRef = 1DEAB43F29104C3000768280 /* Colors+Extensions.swift */; };
/* End PBXBuildFile section */

/* Begin PBXFileReference section */
		1D31D2B52900293A005FDADB /* Canvas.swift */ = {isa = PBXFileReference; lastKnownFileType = sourcecode.swift; path = Canvas.swift; sourceTree = "<group>"; };
		1D31D2B72900297B005FDADB /* MLCanvas.swift */ = {isa = PBXFileReference; lastKnownFileType = sourcecode.swift; path = MLCanvas.swift; sourceTree = "<group>"; };
		1D31D2B92900299C005FDADB /* CanvasView.swift */ = {isa = PBXFileReference; lastKnownFileType = sourcecode.swift; path = CanvasView.swift; sourceTree = "<group>"; };
		1D31D2BB290029B3005FDADB /* CanvasViewController.swift */ = {isa = PBXFileReference; lastKnownFileType = sourcecode.swift; path = CanvasViewController.swift; sourceTree = "<group>"; };
		1D3701EF29008DBA00E5B60B /* Image+Extensions.swift */ = {isa = PBXFileReference; lastKnownFileType = sourcecode.swift; path = "Image+Extensions.swift"; sourceTree = "<group>"; };
		1D3701F129008F7F00E5B60B /* EditorView.swift */ = {isa = PBXFileReference; lastKnownFileType = sourcecode.swift; path = EditorView.swift; sourceTree = "<group>"; };
		1D3701F329008FA300E5B60B /* String+Extensions.swift */ = {isa = PBXFileReference; lastKnownFileType = sourcecode.swift; path = "String+Extensions.swift"; sourceTree = "<group>"; };
		1D4C64922909726F00C6C023 /* ImagePicker.swift */ = {isa = PBXFileReference; lastKnownFileType = sourcecode.swift; path = ImagePicker.swift; sourceTree = "<group>"; };
		1D56A424290BDB57005D4FB1 /* LaunchScreen.storyboard */ = {isa = PBXFileReference; fileEncoding = 4; lastKnownFileType = file.storyboard; path = LaunchScreen.storyboard; sourceTree = "<group>"; };
		1D56A426290BE591005D4FB1 /* PermissionsView.swift */ = {isa = PBXFileReference; lastKnownFileType = sourcecode.swift; path = PermissionsView.swift; sourceTree = "<group>"; };
		1D56A42A290C0D44005D4FB1 /* duck.mp4 */ = {isa = PBXFileReference; lastKnownFileType = file; path = duck.mp4; sourceTree = "<group>"; };
		1D56A42C290C65FE005D4FB1 /* ActivityIndicator.swift */ = {isa = PBXFileReference; lastKnownFileType = sourcecode.swift; path = ActivityIndicator.swift; sourceTree = "<group>"; };
		1D56A42F290FDADB005D4FB1 /* ImageView.swift */ = {isa = PBXFileReference; lastKnownFileType = sourcecode.swift; path = ImageView.swift; sourceTree = "<group>"; };
		1D56A431290FDAF6005D4FB1 /* UIImageView+Extensions.swift */ = {isa = PBXFileReference; lastKnownFileType = sourcecode.swift; path = "UIImageView+Extensions.swift"; sourceTree = "<group>"; };
		1D56A433291007F8005D4FB1 /* Montserrat.ttf */ = {isa = PBXFileReference; lastKnownFileType = file; path = Montserrat.ttf; sourceTree = "<group>"; };
		1D56A43629100BE7005D4FB1 /* Montserrat_OFL.txt */ = {isa = PBXFileReference; lastKnownFileType = text; path = Montserrat_OFL.txt; sourceTree = "<group>"; };
		1D56A43A29100DCC005D4FB1 /* Pacifico.ttf */ = {isa = PBXFileReference; lastKnownFileType = file; path = Pacifico.ttf; sourceTree = "<group>"; };
		1D56A43C29100E5B005D4FB1 /* Pacifico_OFL.txt */ = {isa = PBXFileReference; lastKnownFileType = text; path = Pacifico_OFL.txt; sourceTree = "<group>"; };
		1D58CC6D28F3F50D0013E250 /* HandDrawn.app */ = {isa = PBXFileReference; explicitFileType = wrapper.application; includeInIndex = 0; path = HandDrawn.app; sourceTree = BUILT_PRODUCTS_DIR; };
		1D58CC7028F3F50D0013E250 /* HandDrawnApp.swift */ = {isa = PBXFileReference; lastKnownFileType = sourcecode.swift; path = HandDrawnApp.swift; sourceTree = "<group>"; };
		1D58CC7428F3F50E0013E250 /* Assets.xcassets */ = {isa = PBXFileReference; lastKnownFileType = folder.assetcatalog; path = Assets.xcassets; sourceTree = "<group>"; };
		1D58CC7728F3F50E0013E250 /* Preview Assets.xcassets */ = {isa = PBXFileReference; lastKnownFileType = folder.assetcatalog; path = "Preview Assets.xcassets"; sourceTree = "<group>"; };
		1D58CC7F28F43D4A0013E250 /* Info.plist */ = {isa = PBXFileReference; lastKnownFileType = text.plist; path = Info.plist; sourceTree = "<group>"; };
		1D58CC8628F82CF00013E250 /* ShapesClassification.mlpackage */ = {isa = PBXFileReference; lastKnownFileType = folder.mlpackage; name = ShapesClassification.mlpackage; path = CreateML/ShapesClassification.mlpackage; sourceTree = SOURCE_ROOT; };
		1D58CC8B28F97B5D0013E250 /* circle.pkdrawing */ = {isa = PBXFileReference; lastKnownFileType = file; path = circle.pkdrawing; sourceTree = "<group>"; };
		1D58CC8C28F97B5D0013E250 /* star.pkdrawing */ = {isa = PBXFileReference; lastKnownFileType = file; path = star.pkdrawing; sourceTree = "<group>"; };
		1D58CC8D28F97B5D0013E250 /* square.pkdrawing */ = {isa = PBXFileReference; lastKnownFileType = file; path = square.pkdrawing; sourceTree = "<group>"; };
		1D58CC8E28F97B5D0013E250 /* triangle.pkdrawing */ = {isa = PBXFileReference; lastKnownFileType = file; path = triangle.pkdrawing; sourceTree = "<group>"; };
		1DCEA6412901E68E004E3FB9 /* PKDrawing+Extensions.swift */ = {isa = PBXFileReference; lastKnownFileType = sourcecode.swift; path = "PKDrawing+Extensions.swift"; sourceTree = "<group>"; };
		1DCEA6432901EBEB004E3FB9 /* PKCanvasView+Extensions.swift */ = {isa = PBXFileReference; lastKnownFileType = sourcecode.swift; path = "PKCanvasView+Extensions.swift"; sourceTree = "<group>"; };
		1DCEA6452902EDAA004E3FB9 /* View+Extensions.swift */ = {isa = PBXFileReference; lastKnownFileType = sourcecode.swift; path = "View+Extensions.swift"; sourceTree = "<group>"; };
		1DCEA652290335E4004E3FB9 /* DropDown.swift */ = {isa = PBXFileReference; lastKnownFileType = sourcecode.swift; path = DropDown.swift; sourceTree = "<group>"; };
		1DCEA65429033B43004E3FB9 /* CircleIcon.swift */ = {isa = PBXFileReference; lastKnownFileType = sourcecode.swift; path = CircleIcon.swift; sourceTree = "<group>"; };
		1DCEA65629033BC7004E3FB9 /* UIResponder+Extensions.swift */ = {isa = PBXFileReference; lastKnownFileType = sourcecode.swift; path = "UIResponder+Extensions.swift"; sourceTree = "<group>"; };
		1DCEA65B2906B14E004E3FB9 /* FontSlider.swift */ = {isa = PBXFileReference; lastKnownFileType = sourcecode.swift; path = FontSlider.swift; sourceTree = "<group>"; };
		1DCEA65D2906E28A004E3FB9 /* TextLabel.swift */ = {isa = PBXFileReference; lastKnownFileType = sourcecode.swift; path = TextLabel.swift; sourceTree = "<group>"; };
		1DCEA664290876CF004E3FB9 /* PlayerView.swift */ = {isa = PBXFileReference; lastKnownFileType = sourcecode.swift; path = PlayerView.swift; sourceTree = "<group>"; };
		1DCEA66629093139004E3FB9 /* MediaProcessor.swift */ = {isa = PBXFileReference; lastKnownFileType = sourcecode.swift; path = MediaProcessor.swift; sourceTree = "<group>"; };
		1DCEA6682909375C004E3FB9 /* AVAssetTrack+Extensions.swift */ = {isa = PBXFileReference; lastKnownFileType = sourcecode.swift; path = "AVAssetTrack+Extensions.swift"; sourceTree = "<group>"; };
		1DEAB43F29104C3000768280 /* Colors+Extensions.swift */ = {isa = PBXFileReference; lastKnownFileType = sourcecode.swift; path = "Colors+Extensions.swift"; sourceTree = "<group>"; };
/* End PBXFileReference section */

/* Begin PBXFrameworksBuildPhase section */
		1D58CC6A28F3F50D0013E250 /* Frameworks */ = {
			isa = PBXFrameworksBuildPhase;
			buildActionMask = 2147483647;
			files = (
			);
			runOnlyForDeploymentPostprocessing = 0;
		};
/* End PBXFrameworksBuildPhase section */

/* Begin PBXGroup section */
		1D3701F52900976400E5B60B /* Canvas */ = {
			isa = PBXGroup;
			children = (
				1D31D2B52900293A005FDADB /* Canvas.swift */,
				1D31D2B72900297B005FDADB /* MLCanvas.swift */,
				1D31D2BB290029B3005FDADB /* CanvasViewController.swift */,
				1D31D2B92900299C005FDADB /* CanvasView.swift */,
			);
			path = Canvas;
			sourceTree = "<group>";
		};
		1D3701F62900977E00E5B60B /* Extensions */ = {
			isa = PBXGroup;
			children = (
				1D3701EF29008DBA00E5B60B /* Image+Extensions.swift */,
				1D56A431290FDAF6005D4FB1 /* UIImageView+Extensions.swift */,
				1D3701F329008FA300E5B60B /* String+Extensions.swift */,
				1DCEA6412901E68E004E3FB9 /* PKDrawing+Extensions.swift */,
				1DCEA6432901EBEB004E3FB9 /* PKCanvasView+Extensions.swift */,
				1DCEA6452902EDAA004E3FB9 /* View+Extensions.swift */,
				1DCEA65629033BC7004E3FB9 /* UIResponder+Extensions.swift */,
				1DCEA6682909375C004E3FB9 /* AVAssetTrack+Extensions.swift */,
				1DEAB43F29104C3000768280 /* Colors+Extensions.swift */,
			);
			path = Extensions;
			sourceTree = "<group>";
		};
		1D56A43529100800005D4FB1 /* fonts */ = {
			isa = PBXGroup;
			children = (
				1D56A433291007F8005D4FB1 /* Montserrat.ttf */,
				1D56A43629100BE7005D4FB1 /* Montserrat_OFL.txt */,
				1D56A43A29100DCC005D4FB1 /* Pacifico.ttf */,
				1D56A43C29100E5B005D4FB1 /* Pacifico_OFL.txt */,
			);
			path = fonts;
			sourceTree = "<group>";
		};
		1D58CC6428F3F50D0013E250 = {
			isa = PBXGroup;
			children = (
				1D58CC6F28F3F50D0013E250 /* HandDrawn */,
				1D58CC6E28F3F50D0013E250 /* Products */,
			);
			sourceTree = "<group>";
		};
		1D58CC6E28F3F50D0013E250 /* Products */ = {
			isa = PBXGroup;
			children = (
				1D58CC6D28F3F50D0013E250 /* HandDrawn.app */,
			);
			name = Products;
			sourceTree = "<group>";
		};
		1D58CC6F28F3F50D0013E250 /* HandDrawn */ = {
			isa = PBXGroup;
			children = (
				1D58CC7028F3F50D0013E250 /* HandDrawnApp.swift */,
				1D56A426290BE591005D4FB1 /* PermissionsView.swift */,
				1D3701F129008F7F00E5B60B /* EditorView.swift */,
				1DCEA65F290800FD004E3FB9 /* Classes */,
				1DCEA65829033C0C004E3FB9 /* Views */,
				1D3701F52900976400E5B60B /* Canvas */,
				1D3701F62900977E00E5B60B /* Extensions */,
				1D58CC7F28F43D4A0013E250 /* Info.plist */,
				1D58CC7428F3F50E0013E250 /* Assets.xcassets */,
				1D56A424290BDB57005D4FB1 /* LaunchScreen.storyboard */,
				1D58CC8628F82CF00013E250 /* ShapesClassification.mlpackage */,
				1D56A42A290C0D44005D4FB1 /* duck.mp4 */,
				1D56A43529100800005D4FB1 /* fonts */,
				1D58CC8A28F97B440013E250 /* shapes */,
				1D58CC7628F3F50E0013E250 /* Preview Content */,
			);
			path = HandDrawn;
			sourceTree = "<group>";
		};
		1D58CC7628F3F50E0013E250 /* Preview Content */ = {
			isa = PBXGroup;
			children = (
				1D58CC7728F3F50E0013E250 /* Preview Assets.xcassets */,
			);
			path = "Preview Content";
			sourceTree = "<group>";
		};
		1D58CC8A28F97B440013E250 /* shapes */ = {
			isa = PBXGroup;
			children = (
				1D58CC8B28F97B5D0013E250 /* circle.pkdrawing */,
				1D58CC8D28F97B5D0013E250 /* square.pkdrawing */,
				1D58CC8C28F97B5D0013E250 /* star.pkdrawing */,
				1D58CC8E28F97B5D0013E250 /* triangle.pkdrawing */,
			);
			path = shapes;
			sourceTree = "<group>";
		};
		1DCEA65829033C0C004E3FB9 /* Views */ = {
			isa = PBXGroup;
			children = (
				1DCEA652290335E4004E3FB9 /* DropDown.swift */,
				1DCEA65429033B43004E3FB9 /* CircleIcon.swift */,
				1DCEA65B2906B14E004E3FB9 /* FontSlider.swift */,
				1DCEA65D2906E28A004E3FB9 /* TextLabel.swift */,
				1DCEA664290876CF004E3FB9 /* PlayerView.swift */,
				1D4C64922909726F00C6C023 /* ImagePicker.swift */,
				1D56A42C290C65FE005D4FB1 /* ActivityIndicator.swift */,
				1D56A42F290FDADB005D4FB1 /* ImageView.swift */,
			);
			path = Views;
			sourceTree = "<group>";
		};
		1DCEA65F290800FD004E3FB9 /* Classes */ = {
			isa = PBXGroup;
			children = (
				1DCEA66629093139004E3FB9 /* MediaProcessor.swift */,
			);
			path = Classes;
			sourceTree = "<group>";
		};
/* End PBXGroup section */

/* Begin PBXNativeTarget section */
		1D58CC6C28F3F50D0013E250 /* HandDrawn */ = {
			isa = PBXNativeTarget;
			buildConfigurationList = 1D58CC7B28F3F50E0013E250 /* Build configuration list for PBXNativeTarget "HandDrawn" */;
			buildPhases = (
				1D58CC6928F3F50D0013E250 /* Sources */,
				1D58CC6A28F3F50D0013E250 /* Frameworks */,
				1D58CC6B28F3F50D0013E250 /* Resources */,
			);
			buildRules = (
			);
			dependencies = (
			);
			name = HandDrawn;
			productName = HandDrawn;
			productReference = 1D58CC6D28F3F50D0013E250 /* HandDrawn.app */;
			productType = "com.apple.product-type.application";
		};
/* End PBXNativeTarget section */

/* Begin PBXProject section */
		1D58CC6528F3F50D0013E250 /* Project object */ = {
			isa = PBXProject;
			attributes = {
				BuildIndependentTargetsInParallel = 1;
				LastSwiftUpdateCheck = 1400;
				LastUpgradeCheck = 1400;
				TargetAttributes = {
					1D58CC6C28F3F50D0013E250 = {
						CreatedOnToolsVersion = 14.0.1;
					};
				};
			};
			buildConfigurationList = 1D58CC6828F3F50D0013E250 /* Build configuration list for PBXProject "HandDrawn" */;
			compatibilityVersion = "Xcode 14.0";
			developmentRegion = en;
			hasScannedForEncodings = 0;
			knownRegions = (
				en,
				Base,
			);
			mainGroup = 1D58CC6428F3F50D0013E250;
			productRefGroup = 1D58CC6E28F3F50D0013E250 /* Products */;
			projectDirPath = "";
			projectRoot = "";
			targets = (
				1D58CC6C28F3F50D0013E250 /* HandDrawn */,
			);
		};
/* End PBXProject section */

/* Begin PBXResourcesBuildPhase section */
		1D58CC6B28F3F50D0013E250 /* Resources */ = {
			isa = PBXResourcesBuildPhase;
			buildActionMask = 2147483647;
			files = (
				1D58CC9128F97B5D0013E250 /* square.pkdrawing in Resources */,
				1D56A425290BDB58005D4FB1 /* LaunchScreen.storyboard in Resources */,
				1D58CC7828F3F50E0013E250 /* Preview Assets.xcassets in Resources */,
				1D58CC9028F97B5D0013E250 /* star.pkdrawing in Resources */,
				1D58CC8F28F97B5D0013E250 /* circle.pkdrawing in Resources */,
				1D58CC7528F3F50E0013E250 /* Assets.xcassets in Resources */,
				1D56A42B290C0D44005D4FB1 /* duck.mp4 in Resources */,
				1D58CC9228F97B5D0013E250 /* triangle.pkdrawing in Resources */,
				1D56A434291007F8005D4FB1 /* Montserrat.ttf in Resources */,
				1D56A43B29100DD0005D4FB1 /* Pacifico.ttf in Resources */,
			);
			runOnlyForDeploymentPostprocessing = 0;
		};
/* End PBXResourcesBuildPhase section */

/* Begin PBXSourcesBuildPhase section */
		1D58CC6928F3F50D0013E250 /* Sources */ = {
			isa = PBXSourcesBuildPhase;
			buildActionMask = 2147483647;
			files = (
				1D56A430290FDADB005D4FB1 /* ImageView.swift in Sources */,
				1DCEA65C2906B14E004E3FB9 /* FontSlider.swift in Sources */,
				1DCEA6692909375C004E3FB9 /* AVAssetTrack+Extensions.swift in Sources */,
				1DCEA65529033B43004E3FB9 /* CircleIcon.swift in Sources */,
				1D3701F429008FA300E5B60B /* String+Extensions.swift in Sources */,
				1DCEA66729093139004E3FB9 /* MediaProcessor.swift in Sources */,
				1DCEA665290876CF004E3FB9 /* PlayerView.swift in Sources */,
				1DCEA65729033BC7004E3FB9 /* UIResponder+Extensions.swift in Sources */,
				1D56A427290BE591005D4FB1 /* PermissionsView.swift in Sources */,
				1D58CC8728F82CF00013E250 /* ShapesClassification.mlpackage in Sources */,
				1D56A432290FDAF6005D4FB1 /* UIImageView+Extensions.swift in Sources */,
				1D31D2BA2900299C005FDADB /* CanvasView.swift in Sources */,
				1D58CC7128F3F50D0013E250 /* HandDrawnApp.swift in Sources */,
				1DCEA6442901EBEB004E3FB9 /* PKCanvasView+Extensions.swift in Sources */,
				1D31D2B82900297B005FDADB /* MLCanvas.swift in Sources */,
				1D3701F229008F7F00E5B60B /* EditorView.swift in Sources */,
				1D56A42D290C65FE005D4FB1 /* ActivityIndicator.swift in Sources */,
				1DCEA6422901E68E004E3FB9 /* PKDrawing+Extensions.swift in Sources */,
				1DCEA6462902EDAA004E3FB9 /* View+Extensions.swift in Sources */,
				1D3701F029008DBA00E5B60B /* Image+Extensions.swift in Sources */,
				1D31D2BC290029B3005FDADB /* CanvasViewController.swift in Sources */,
				1DCEA65E2906E28A004E3FB9 /* TextLabel.swift in Sources */,
				1D4C64932909726F00C6C023 /* ImagePicker.swift in Sources */,
				1DEAB44029104C3000768280 /* Colors+Extensions.swift in Sources */,
				1DCEA653290335E4004E3FB9 /* DropDown.swift in Sources */,
				1D31D2B62900293A005FDADB /* Canvas.swift in Sources */,
			);
			runOnlyForDeploymentPostprocessing = 0;
		};
/* End PBXSourcesBuildPhase section */

/* Begin XCBuildConfiguration section */
		1D58CC7928F3F50E0013E250 /* Debug */ = {
			isa = XCBuildConfiguration;
			buildSettings = {
				ALWAYS_SEARCH_USER_PATHS = NO;
				CLANG_ANALYZER_NONNULL = YES;
				CLANG_ANALYZER_NUMBER_OBJECT_CONVERSION = YES_AGGRESSIVE;
				CLANG_CXX_LANGUAGE_STANDARD = "gnu++20";
				CLANG_ENABLE_MODULES = YES;
				CLANG_ENABLE_OBJC_ARC = YES;
				CLANG_ENABLE_OBJC_WEAK = YES;
				CLANG_WARN_BLOCK_CAPTURE_AUTORELEASING = YES;
				CLANG_WARN_BOOL_CONVERSION = YES;
				CLANG_WARN_COMMA = YES;
				CLANG_WARN_CONSTANT_CONVERSION = YES;
				CLANG_WARN_DEPRECATED_OBJC_IMPLEMENTATIONS = YES;
				CLANG_WARN_DIRECT_OBJC_ISA_USAGE = YES_ERROR;
				CLANG_WARN_DOCUMENTATION_COMMENTS = YES;
				CLANG_WARN_EMPTY_BODY = YES;
				CLANG_WARN_ENUM_CONVERSION = YES;
				CLANG_WARN_INFINITE_RECURSION = YES;
				CLANG_WARN_INT_CONVERSION = YES;
				CLANG_WARN_NON_LITERAL_NULL_CONVERSION = YES;
				CLANG_WARN_OBJC_IMPLICIT_RETAIN_SELF = YES;
				CLANG_WARN_OBJC_LITERAL_CONVERSION = YES;
				CLANG_WARN_OBJC_ROOT_CLASS = YES_ERROR;
				CLANG_WARN_QUOTED_INCLUDE_IN_FRAMEWORK_HEADER = YES;
				CLANG_WARN_RANGE_LOOP_ANALYSIS = YES;
				CLANG_WARN_STRICT_PROTOTYPES = YES;
				CLANG_WARN_SUSPICIOUS_MOVE = YES;
				CLANG_WARN_UNGUARDED_AVAILABILITY = YES_AGGRESSIVE;
				CLANG_WARN_UNREACHABLE_CODE = YES;
				CLANG_WARN__DUPLICATE_METHOD_MATCH = YES;
				COPY_PHASE_STRIP = NO;
				DEBUG_INFORMATION_FORMAT = dwarf;
				ENABLE_STRICT_OBJC_MSGSEND = YES;
				ENABLE_TESTABILITY = YES;
				GCC_C_LANGUAGE_STANDARD = gnu11;
				GCC_DYNAMIC_NO_PIC = NO;
				GCC_NO_COMMON_BLOCKS = YES;
				GCC_OPTIMIZATION_LEVEL = 0;
				GCC_PREPROCESSOR_DEFINITIONS = (
					"DEBUG=1",
					"$(inherited)",
				);
				GCC_WARN_64_TO_32_BIT_CONVERSION = YES;
				GCC_WARN_ABOUT_RETURN_TYPE = YES_ERROR;
				GCC_WARN_UNDECLARED_SELECTOR = YES;
				GCC_WARN_UNINITIALIZED_AUTOS = YES_AGGRESSIVE;
				GCC_WARN_UNUSED_FUNCTION = YES;
				GCC_WARN_UNUSED_VARIABLE = YES;
				IPHONEOS_DEPLOYMENT_TARGET = 13.0;
				MTL_ENABLE_DEBUG_INFO = INCLUDE_SOURCE;
				MTL_FAST_MATH = YES;
				ONLY_ACTIVE_ARCH = YES;
				SDKROOT = iphoneos;
				SWIFT_ACTIVE_COMPILATION_CONDITIONS = DEBUG;
				SWIFT_OPTIMIZATION_LEVEL = "-Onone";
			};
			name = Debug;
		};
		1D58CC7A28F3F50E0013E250 /* Release */ = {
			isa = XCBuildConfiguration;
			buildSettings = {
				ALWAYS_SEARCH_USER_PATHS = NO;
				CLANG_ANALYZER_NONNULL = YES;
				CLANG_ANALYZER_NUMBER_OBJECT_CONVERSION = YES_AGGRESSIVE;
				CLANG_CXX_LANGUAGE_STANDARD = "gnu++20";
				CLANG_ENABLE_MODULES = YES;
				CLANG_ENABLE_OBJC_ARC = YES;
				CLANG_ENABLE_OBJC_WEAK = YES;
				CLANG_WARN_BLOCK_CAPTURE_AUTORELEASING = YES;
				CLANG_WARN_BOOL_CONVERSION = YES;
				CLANG_WARN_COMMA = YES;
				CLANG_WARN_CONSTANT_CONVERSION = YES;
				CLANG_WARN_DEPRECATED_OBJC_IMPLEMENTATIONS = YES;
				CLANG_WARN_DIRECT_OBJC_ISA_USAGE = YES_ERROR;
				CLANG_WARN_DOCUMENTATION_COMMENTS = YES;
				CLANG_WARN_EMPTY_BODY = YES;
				CLANG_WARN_ENUM_CONVERSION = YES;
				CLANG_WARN_INFINITE_RECURSION = YES;
				CLANG_WARN_INT_CONVERSION = YES;
				CLANG_WARN_NON_LITERAL_NULL_CONVERSION = YES;
				CLANG_WARN_OBJC_IMPLICIT_RETAIN_SELF = YES;
				CLANG_WARN_OBJC_LITERAL_CONVERSION = YES;
				CLANG_WARN_OBJC_ROOT_CLASS = YES_ERROR;
				CLANG_WARN_QUOTED_INCLUDE_IN_FRAMEWORK_HEADER = YES;
				CLANG_WARN_RANGE_LOOP_ANALYSIS = YES;
				CLANG_WARN_STRICT_PROTOTYPES = YES;
				CLANG_WARN_SUSPICIOUS_MOVE = YES;
				CLANG_WARN_UNGUARDED_AVAILABILITY = YES_AGGRESSIVE;
				CLANG_WARN_UNREACHABLE_CODE = YES;
				CLANG_WARN__DUPLICATE_METHOD_MATCH = YES;
				COPY_PHASE_STRIP = NO;
				DEBUG_INFORMATION_FORMAT = "dwarf-with-dsym";
				ENABLE_NS_ASSERTIONS = NO;
				ENABLE_STRICT_OBJC_MSGSEND = YES;
				GCC_C_LANGUAGE_STANDARD = gnu11;
				GCC_NO_COMMON_BLOCKS = YES;
				GCC_WARN_64_TO_32_BIT_CONVERSION = YES;
				GCC_WARN_ABOUT_RETURN_TYPE = YES_ERROR;
				GCC_WARN_UNDECLARED_SELECTOR = YES;
				GCC_WARN_UNINITIALIZED_AUTOS = YES_AGGRESSIVE;
				GCC_WARN_UNUSED_FUNCTION = YES;
				GCC_WARN_UNUSED_VARIABLE = YES;
				IPHONEOS_DEPLOYMENT_TARGET = 13.0;
				MTL_ENABLE_DEBUG_INFO = NO;
				MTL_FAST_MATH = YES;
				SDKROOT = iphoneos;
				SWIFT_COMPILATION_MODE = wholemodule;
				SWIFT_OPTIMIZATION_LEVEL = "-O";
				VALIDATE_PRODUCT = YES;
			};
			name = Release;
		};
		1D58CC7C28F3F50E0013E250 /* Debug */ = {
			isa = XCBuildConfiguration;
			buildSettings = {
				ASSETCATALOG_COMPILER_APPICON_NAME = AppIcon;
				ASSETCATALOG_COMPILER_GLOBAL_ACCENT_COLOR_NAME = AccentColor;
				CODE_SIGN_STYLE = Automatic;
				CURRENT_PROJECT_VERSION = 1;
				DEVELOPMENT_ASSET_PATHS = "\"HandDrawn/Preview Content\"";
				DEVELOPMENT_TEAM = JV88U38946;
				ENABLE_PREVIEWS = YES;
				GENERATE_INFOPLIST_FILE = YES;
				INFOPLIST_FILE = HandDrawn/Info.plist;
				INFOPLIST_KEY_LSApplicationCategoryType = "";
				INFOPLIST_KEY_NSPhotoLibraryAddUsageDescription = "$(PRODUCT_NAME) save sketched media";
				INFOPLIST_KEY_NSPhotoLibraryUsageDescription = "$(PRODUCT_NAME) access device media";
				INFOPLIST_KEY_UIApplicationSupportsIndirectInputEvents = YES;
				INFOPLIST_KEY_UILaunchScreen_Generation = YES;
				INFOPLIST_KEY_UILaunchStoryboardName = LaunchScreen;
				INFOPLIST_KEY_UISupportedInterfaceOrientations = UIInterfaceOrientationPortrait;
				INFOPLIST_KEY_UISupportedInterfaceOrientations_iPad = "UIInterfaceOrientationLandscapeLeft UIInterfaceOrientationLandscapeRight UIInterfaceOrientationPortrait UIInterfaceOrientationPortraitUpsideDown";
				IPHONEOS_DEPLOYMENT_TARGET = 13.0;
				LD_RUNPATH_SEARCH_PATHS = (
					"$(inherited)",
					"@executable_path/Frameworks",
				);
				MARKETING_VERSION = 1.0;
				PRODUCT_BUNDLE_IDENTIFIER = com.starkdmi.HandDrawn;
				PRODUCT_NAME = "$(TARGET_NAME)";
				SUPPORTED_PLATFORMS = "iphoneos iphonesimulator";
				SUPPORTS_MACCATALYST = NO;
				SUPPORTS_MAC_DESIGNED_FOR_IPHONE_IPAD = NO;
				SWIFT_EMIT_LOC_STRINGS = YES;
				SWIFT_VERSION = 5.0;
				TARGETED_DEVICE_FAMILY = 1;
			};
			name = Debug;
		};
		1D58CC7D28F3F50E0013E250 /* Release */ = {
			isa = XCBuildConfiguration;
			buildSettings = {
				ASSETCATALOG_COMPILER_APPICON_NAME = AppIcon;
				ASSETCATALOG_COMPILER_GLOBAL_ACCENT_COLOR_NAME = AccentColor;
				CODE_SIGN_STYLE = Automatic;
				CURRENT_PROJECT_VERSION = 1;
				DEVELOPMENT_ASSET_PATHS = "\"HandDrawn/Preview Content\"";
				DEVELOPMENT_TEAM = JV88U38946;
				ENABLE_PREVIEWS = YES;
				GENERATE_INFOPLIST_FILE = YES;
				INFOPLIST_FILE = HandDrawn/Info.plist;
				INFOPLIST_KEY_LSApplicationCategoryType = "";
				INFOPLIST_KEY_NSPhotoLibraryAddUsageDescription = "$(PRODUCT_NAME) save sketched media";
				INFOPLIST_KEY_NSPhotoLibraryUsageDescription = "$(PRODUCT_NAME) access device media";
				INFOPLIST_KEY_UIApplicationSupportsIndirectInputEvents = YES;
				INFOPLIST_KEY_UILaunchScreen_Generation = YES;
				INFOPLIST_KEY_UILaunchStoryboardName = LaunchScreen;
				INFOPLIST_KEY_UISupportedInterfaceOrientations = UIInterfaceOrientationPortrait;
				INFOPLIST_KEY_UISupportedInterfaceOrientations_iPad = "UIInterfaceOrientationLandscapeLeft UIInterfaceOrientationLandscapeRight UIInterfaceOrientationPortrait UIInterfaceOrientationPortraitUpsideDown";
				IPHONEOS_DEPLOYMENT_TARGET = 13.0;
				LD_RUNPATH_SEARCH_PATHS = (
					"$(inherited)",
					"@executable_path/Frameworks",
				);
				MARKETING_VERSION = 1.0;
				PRODUCT_BUNDLE_IDENTIFIER = com.starkdmi.HandDrawn;
				PRODUCT_NAME = "$(TARGET_NAME)";
				SUPPORTED_PLATFORMS = "iphoneos iphonesimulator";
				SUPPORTS_MACCATALYST = NO;
				SUPPORTS_MAC_DESIGNED_FOR_IPHONE_IPAD = NO;
				SWIFT_EMIT_LOC_STRINGS = YES;
				SWIFT_VERSION = 5.0;
				TARGETED_DEVICE_FAMILY = 1;
			};
			name = Release;
		};
/* End XCBuildConfiguration section */

/* Begin XCConfigurationList section */
		1D58CC6828F3F50D0013E250 /* Build configuration list for PBXProject "HandDrawn" */ = {
			isa = XCConfigurationList;
			buildConfigurations = (
				1D58CC7928F3F50E0013E250 /* Debug */,
				1D58CC7A28F3F50E0013E250 /* Release */,
			);
			defaultConfigurationIsVisible = 0;
			defaultConfigurationName = Release;
		};
		1D58CC7B28F3F50E0013E250 /* Build configuration list for PBXNativeTarget "HandDrawn" */ = {
			isa = XCConfigurationList;
			buildConfigurations = (
				1D58CC7C28F3F50E0013E250 /* Debug */,
				1D58CC7D28F3F50E0013E250 /* Release */,
			);
			defaultConfigurationIsVisible = 0;
			defaultConfigurationName = Release;
		};
/* End XCConfigurationList section */
	};
	rootObject = 1D58CC6528F3F50D0013E250 /* Project object */;
}
